// !$*UTF8*$!
{
	archiveVersion = 1;
	classes = {
	};
	objectVersion = 77;
	objects = {

/* Begin PBXContainerItemProxy section */
		C3DE263D2DFE3101009A2B67 /* PBXContainerItemProxy */ = {
			isa = PBXContainerItemProxy;
			containerPortal = C3DE26272DFE3100009A2B67 /* Project object */;
			proxyType = 1;
			remoteGlobalIDString = C3DE262E2DFE3100009A2B67;
			remoteInfo = SalesTracker;
		};
		C3DE26472DFE3101009A2B67 /* PBXContainerItemProxy */ = {
			isa = PBXContainerItemProxy;
			containerPortal = C3DE26272DFE3100009A2B67 /* Project object */;
			proxyType = 1;
			remoteGlobalIDString = C3DE262E2DFE3100009A2B67;
			remoteInfo = SalesTracker;
		};
/* End PBXContainerItemProxy section */

/* Begin PBXFileReference section */
		C37DC6822E00C5B000106E8A /* Assets.xcassets */ = {isa = PBXFileReference; lastKnownFileType = text; path = Assets.xcassets; sourceTree = "<group>"; };
		C37DC6832E00C72F00106E8A /* SalesTrackerApp.swift */ = {isa = PBXFileReference; lastKnownFileType = sourcecode.swift; path = SalesTrackerApp.swift; sourceTree = "<group>"; };
		C37DC6842E00C73C00106E8A /* Sale.swift */ = {isa = PBXFileReference; lastKnownFileType = sourcecode.swift; path = Sale.swift; sourceTree = "<group>"; };
		C37DC6852E00C74A00106E8A /* Constants.swift */ = {isa = PBXFileReference; lastKnownFileType = sourcecode.swift; path = Constants.swift; sourceTree = "<group>"; };
		C37DC6862E00C75400106E8A /* SheetAPI.swift */ = {isa = PBXFileReference; lastKnownFileType = sourcecode.swift; path = SheetAPI.swift; sourceTree = "<group>"; };
		C37DC6872E00C76D00106E8A /* Info.plist */ = {isa = PBXFileReference; lastKnownFileType = text.plist; path = Info.plist; sourceTree = "<group>"; };
		C37DC6882E06083200106E8A /* SettingsView.swift */ = {isa = PBXFileReference; lastKnownFileType = sourcecode.swift; path = SettingsView.swift; sourceTree = "<group>"; };
		C37DC6892E060D3A00106E8A /* SaleEntryView.swift */ = {isa = PBXFileReference; lastKnownFileType = sourcecode.swift; path = SaleEntryView.swift; sourceTree = "<group>"; };
		C37DC68A2E060D7F00106E8A /* SalesLiftView.swift */ = {isa = PBXFileReference; lastKnownFileType = sourcecode.swift; path = SalesLiftView.swift; sourceTree = "<group>"; };
		C37DC68C2E060DAA00106E8A /* MainView.swift */ = {isa = PBXFileReference; lastKnownFileType = sourcecode.swift; path = MainView.swift; sourceTree = "<group>"; };
		C3DE262F2DFE3100009A2B67 /* SalesTracker.app */ = {isa = PBXFileReference; explicitFileType = wrapper.application; includeInIndex = 0; path = SalesTracker.app; sourceTree = BUILT_PRODUCTS_DIR; };
		C3DE263C2DFE3101009A2B67 /* SalesTrackerTests.xctest */ = {isa = PBXFileReference; explicitFileType = wrapper.cfbundle; includeInIndex = 0; path = SalesTrackerTests.xctest; sourceTree = BUILT_PRODUCTS_DIR; };
		C3DE26462DFE3101009A2B67 /* SalesTrackerUITests.xctest */ = {isa = PBXFileReference; explicitFileType = wrapper.cfbundle; includeInIndex = 0; path = SalesTrackerUITests.xctest; sourceTree = BUILT_PRODUCTS_DIR; };
/* End PBXFileReference section */

/* Begin PBXFrameworksBuildPhase section */
		C3DE262C2DFE3100009A2B67 /* Frameworks */ = {
			isa = PBXFrameworksBuildPhase;
			buildActionMask = 2147483647;
			files = (
			);
			runOnlyForDeploymentPostprocessing = 0;
		};
		C3DE26392DFE3101009A2B67 /* Frameworks */ = {
			isa = PBXFrameworksBuildPhase;
			buildActionMask = 2147483647;
			files = (
			);
			runOnlyForDeploymentPostprocessing = 0;
		};
		C3DE26432DFE3101009A2B67 /* Frameworks */ = {
			isa = PBXFrameworksBuildPhase;
			buildActionMask = 2147483647;
			files = (
			);
			runOnlyForDeploymentPostprocessing = 0;
		};
/* End PBXFrameworksBuildPhase section */

/* Begin PBXGroup section */
		C357B4D92E0010D60091373C /* SalesTracker */ = {
			isa = PBXGroup;
			children = (
				C37DC6812E00C59500106E8A /* Resources */,
				C37DC6802E00C58900106E8A /* Utilities */,
				C37DC67F2E00C58100106E8A /* ViewModels */,
				C37DC67E2E00C57A00106E8A /* Views */,
				C37DC67D2E00C57000106E8A /* Services */,
				C37DC67C2E00C56A00106E8A /* Models */,
				C37DC67B2E00C17800106E8A /* App */,
			);
			path = SalesTracker;
			sourceTree = "<group>";
		};
		C37DC67B2E00C17800106E8A /* App */ = {
			isa = PBXGroup;
			children = (
				C37DC6832E00C72F00106E8A /* SalesTrackerApp.swift */,
			);
			path = App;
			sourceTree = "<group>";
		};
		C37DC67C2E00C56A00106E8A /* Models */ = {
			isa = PBXGroup;
			children = (
				C37DC6842E00C73C00106E8A /* Sale.swift */,
			);
			path = Models;
			sourceTree = "<group>";
		};
		C37DC67D2E00C57000106E8A /* Services */ = {
			isa = PBXGroup;
			children = (
				C37DC6862E00C75400106E8A /* SheetAPI.swift */,
				C37DC6852E00C74A00106E8A /* Constants.swift */,
			);
			path = Services;
			sourceTree = "<group>";
		};
		C37DC67E2E00C57A00106E8A /* Views */ = {
			isa = PBXGroup;
			children = (
				C37DC68C2E060DAA00106E8A /* MainView.swift */,
				C37DC68A2E060D7F00106E8A /* SalesLiftView.swift */,
				C37DC6892E060D3A00106E8A /* SaleEntryView.swift */,
				C37DC6882E06083200106E8A /* SettingsView.swift */,
			);
			path = Views;
			sourceTree = "<group>";
		};
		C37DC67F2E00C58100106E8A /* ViewModels */ = {
			isa = PBXGroup;
			children = (
			);
			path = ViewModels;
			sourceTree = "<group>";
		};
		C37DC6802E00C58900106E8A /* Utilities */ = {
			isa = PBXGroup;
			children = (
			);
			path = Utilities;
			sourceTree = "<group>";
		};
		C37DC6812E00C59500106E8A /* Resources */ = {
			isa = PBXGroup;
			children = (
				C37DC6872E00C76D00106E8A /* Info.plist */,
				C37DC6822E00C5B000106E8A /* Assets.xcassets */,
			);
			path = Resources;
			sourceTree = "<group>";
		};
		C3DE26262DFE3100009A2B67 = {
			isa = PBXGroup;
			children = (
				C357B4D92E0010D60091373C /* SalesTracker */,
				C3DE26302DFE3100009A2B67 /* Products */,
			);
			sourceTree = "<group>";
		};
		C3DE26302DFE3100009A2B67 /* Products */ = {
			isa = PBXGroup;
			children = (
				C3DE262F2DFE3100009A2B67 /* SalesTracker.app */,
				C3DE263C2DFE3101009A2B67 /* SalesTrackerTests.xctest */,
				C3DE26462DFE3101009A2B67 /* SalesTrackerUITests.xctest */,
			);
			name = Products;
			sourceTree = "<group>";
		};
/* End PBXGroup section */

/* Begin PBXNativeTarget section */
		C3DE262E2DFE3100009A2B67 /* SalesTracker */ = {
			isa = PBXNativeTarget;
			buildConfigurationList = C3DE26502DFE3101009A2B67 /* Build configuration list for PBXNativeTarget "SalesTracker" */;
			buildPhases = (
				C3DE262B2DFE3100009A2B67 /* Sources */,
				C3DE262C2DFE3100009A2B67 /* Frameworks */,
				C3DE262D2DFE3100009A2B67 /* Resources */,
			);
			buildRules = (
			);
			dependencies = (
			);
			name = SalesTracker;
			packageProductDependencies = (
			);
			productName = SalesTracker;
			productReference = C3DE262F2DFE3100009A2B67 /* SalesTracker.app */;
			productType = "com.apple.product-type.application";
		};
		C3DE263B2DFE3101009A2B67 /* SalesTrackerTests */ = {
			isa = PBXNativeTarget;
			buildConfigurationList = C3DE26532DFE3101009A2B67 /* Build configuration list for PBXNativeTarget "SalesTrackerTests" */;
			buildPhases = (
				C3DE26382DFE3101009A2B67 /* Sources */,
				C3DE26392DFE3101009A2B67 /* Frameworks */,
				C3DE263A2DFE3101009A2B67 /* Resources */,
			);
			buildRules = (
			);
			dependencies = (
				C3DE263E2DFE3101009A2B67 /* PBXTargetDependency */,
			);
			name = SalesTrackerTests;
			packageProductDependencies = (
			);
			productName = SalesTrackerTests;
			productReference = C3DE263C2DFE3101009A2B67 /* SalesTrackerTests.xctest */;
			productType = "com.apple.product-type.bundle.unit-test";
		};
		C3DE26452DFE3101009A2B67 /* SalesTrackerUITests */ = {
			isa = PBXNativeTarget;
			buildConfigurationList = C3DE26562DFE3101009A2B67 /* Build configuration list for PBXNativeTarget "SalesTrackerUITests" */;
			buildPhases = (
				C3DE26422DFE3101009A2B67 /* Sources */,
				C3DE26432DFE3101009A2B67 /* Frameworks */,
				C3DE26442DFE3101009A2B67 /* Resources */,
			);
			buildRules = (
			);
			dependencies = (
				C3DE26482DFE3101009A2B67 /* PBXTargetDependency */,
			);
			name = SalesTrackerUITests;
			packageProductDependencies = (
			);
			productName = SalesTrackerUITests;
			productReference = C3DE26462DFE3101009A2B67 /* SalesTrackerUITests.xctest */;
			productType = "com.apple.product-type.bundle.ui-testing";
		};
/* End PBXNativeTarget section */

/* Begin PBXProject section */
		C3DE26272DFE3100009A2B67 /* Project object */ = {
			isa = PBXProject;
			attributes = {
				BuildIndependentTargetsInParallel = 1;
				LastSwiftUpdateCheck = 1640;
				LastUpgradeCheck = 1640;
				TargetAttributes = {
					C3DE262E2DFE3100009A2B67 = {
						CreatedOnToolsVersion = 16.4;
					};
					C3DE263B2DFE3101009A2B67 = {
						CreatedOnToolsVersion = 16.4;
						TestTargetID = C3DE262E2DFE3100009A2B67;
					};
					C3DE26452DFE3101009A2B67 = {
						CreatedOnToolsVersion = 16.4;
						TestTargetID = C3DE262E2DFE3100009A2B67;
					};
				};
			};
			buildConfigurationList = C3DE262A2DFE3100009A2B67 /* Build configuration list for PBXProject "SalesTracker" */;
			developmentRegion = en;
			hasScannedForEncodings = 0;
			knownRegions = (
				en,
				Base,
			);
			mainGroup = C3DE26262DFE3100009A2B67;
			minimizedProjectReferenceProxies = 1;
			preferredProjectObjectVersion = 77;
			productRefGroup = C3DE26302DFE3100009A2B67 /* Products */;
			projectDirPath = "";
			projectRoot = "";
			targets = (
				C3DE262E2DFE3100009A2B67 /* SalesTracker */,
				C3DE263B2DFE3101009A2B67 /* SalesTrackerTests */,
				C3DE26452DFE3101009A2B67 /* SalesTrackerUITests */,
			);
		};
/* End PBXProject section */

/* Begin PBXResourcesBuildPhase section */
		C3DE262D2DFE3100009A2B67 /* Resources */ = {
			isa = PBXResourcesBuildPhase;
			buildActionMask = 2147483647;
			files = (
			);
			runOnlyForDeploymentPostprocessing = 0;
		};
		C3DE263A2DFE3101009A2B67 /* Resources */ = {
			isa = PBXResourcesBuildPhase;
			buildActionMask = 2147483647;
			files = (
			);
			runOnlyForDeploymentPostprocessing = 0;
		};
		C3DE26442DFE3101009A2B67 /* Resources */ = {
			isa = PBXResourcesBuildPhase;
			buildActionMask = 2147483647;
			files = (
			);
			runOnlyForDeploymentPostprocessing = 0;
		};
/* End PBXResourcesBuildPhase section */

/* Begin PBXSourcesBuildPhase section */
		C3DE262B2DFE3100009A2B67 /* Sources */ = {
			isa = PBXSourcesBuildPhase;
			buildActionMask = 2147483647;
			files = (
			);
			runOnlyForDeploymentPostprocessing = 0;
		};
		C3DE26382DFE3101009A2B67 /* Sources */ = {
			isa = PBXSourcesBuildPhase;
			buildActionMask = 2147483647;
			files = (
			);
			runOnlyForDeploymentPostprocessing = 0;
		};
		C3DE26422DFE3101009A2B67 /* Sources */ = {
			isa = PBXSourcesBuildPhase;
			buildActionMask = 2147483647;
			files = (
			);
			runOnlyForDeploymentPostprocessing = 0;
		};
/* End PBXSourcesBuildPhase section */

/* Begin PBXTargetDependency section */
		C3DE263E2DFE3101009A2B67 /* PBXTargetDependency */ = {
			isa = PBXTargetDependency;
			target = C3DE262E2DFE3100009A2B67 /* SalesTracker */;
			targetProxy = C3DE263D2DFE3101009A2B67 /* PBXContainerItemProxy */;
		};
		C3DE26482DFE3101009A2B67 /* PBXTargetDependency */ = {
			isa = PBXTargetDependency;
			target = C3DE262E2DFE3100009A2B67 /* SalesTracker */;
			targetProxy = C3DE26472DFE3101009A2B67 /* PBXContainerItemProxy */;
		};
/* End PBXTargetDependency section */

/* Begin XCBuildConfiguration section */
		C3DE264E2DFE3101009A2B67 /* Debug */ = {
			isa = XCBuildConfiguration;
			buildSettings = {
				ALWAYS_SEARCH_USER_PATHS = NO;
				ASSETCATALOG_COMPILER_GENERATE_SWIFT_ASSET_SYMBOL_EXTENSIONS = YES;
				CLANG_ANALYZER_NONNULL = YES;
				CLANG_ANALYZER_NUMBER_OBJECT_CONVERSION = YES_AGGRESSIVE;
				CLANG_CXX_LANGUAGE_STANDARD = "gnu++20";
				CLANG_ENABLE_MODULES = YES;
				CLANG_ENABLE_OBJC_ARC = YES;
				CLANG_ENABLE_OBJC_WEAK = YES;
				CLANG_WARN_BLOCK_CAPTURE_AUTORELEASING = YES;
				CLANG_WARN_BOOL_CONVERSION = YES;
				CLANG_WARN_COMMA = YES;
				CLANG_WARN_CONSTANT_CONVERSION = YES;
				CLANG_WARN_DEPRECATED_OBJC_IMPLEMENTATIONS = YES;
				CLANG_WARN_DIRECT_OBJC_ISA_USAGE = YES_ERROR;
				CLANG_WARN_DOCUMENTATION_COMMENTS = YES;
				CLANG_WARN_EMPTY_BODY = YES;
				CLANG_WARN_ENUM_CONVERSION = YES;
				CLANG_WARN_INFINITE_RECURSION = YES;
				CLANG_WARN_INT_CONVERSION = YES;
				CLANG_WARN_NON_LITERAL_NULL_CONVERSION = YES;
				CLANG_WARN_OBJC_IMPLICIT_RETAIN_SELF = YES;
				CLANG_WARN_OBJC_LITERAL_CONVERSION = YES;
				CLANG_WARN_OBJC_ROOT_CLASS = YES_ERROR;
				CLANG_WARN_QUOTED_INCLUDE_IN_FRAMEWORK_HEADER = YES;
				CLANG_WARN_RANGE_LOOP_ANALYSIS = YES;
				CLANG_WARN_STRICT_PROTOTYPES = YES;
				CLANG_WARN_SUSPICIOUS_MOVE = YES;
				CLANG_WARN_UNGUARDED_AVAILABILITY = YES_AGGRESSIVE;
				CLANG_WARN_UNREACHABLE_CODE = YES;
				CLANG_WARN__DUPLICATE_METHOD_MATCH = YES;
				COPY_PHASE_STRIP = NO;
				DEBUG_INFORMATION_FORMAT = dwarf;
				DEVELOPMENT_TEAM = Q44XZZNZ34;
				ENABLE_STRICT_OBJC_MSGSEND = YES;
				ENABLE_TESTABILITY = YES;
				ENABLE_USER_SCRIPT_SANDBOXING = YES;
				GCC_C_LANGUAGE_STANDARD = gnu17;
				GCC_DYNAMIC_NO_PIC = NO;
				GCC_NO_COMMON_BLOCKS = YES;
				GCC_OPTIMIZATION_LEVEL = 0;
				GCC_PREPROCESSOR_DEFINITIONS = (
					"DEBUG=1",
					"$(inherited)",
				);
				GCC_WARN_64_TO_32_BIT_CONVERSION = YES;
				GCC_WARN_ABOUT_RETURN_TYPE = YES_ERROR;
				GCC_WARN_UNDECLARED_SELECTOR = YES;
				GCC_WARN_UNINITIALIZED_AUTOS = YES_AGGRESSIVE;
				GCC_WARN_UNUSED_FUNCTION = YES;
				GCC_WARN_UNUSED_VARIABLE = YES;
				IPHONEOS_DEPLOYMENT_TARGET = 18.5;
				LOCALIZATION_PREFERS_STRING_CATALOGS = YES;
				MTL_ENABLE_DEBUG_INFO = INCLUDE_SOURCE;
				MTL_FAST_MATH = YES;
				ONLY_ACTIVE_ARCH = YES;
				SDKROOT = iphoneos;
				SWIFT_ACTIVE_COMPILATION_CONDITIONS = "DEBUG $(inherited)";
				SWIFT_OPTIMIZATION_LEVEL = "-Onone";
			};
			name = Debug;
		};
		C3DE264F2DFE3101009A2B67 /* Release */ = {
			isa = XCBuildConfiguration;
			buildSettings = {
				ALWAYS_SEARCH_USER_PATHS = NO;
				ASSETCATALOG_COMPILER_GENERATE_SWIFT_ASSET_SYMBOL_EXTENSIONS = YES;
				CLANG_ANALYZER_NONNULL = YES;
				CLANG_ANALYZER_NUMBER_OBJECT_CONVERSION = YES_AGGRESSIVE;
				CLANG_CXX_LANGUAGE_STANDARD = "gnu++20";
				CLANG_ENABLE_MODULES = YES;
				CLANG_ENABLE_OBJC_ARC = YES;
				CLANG_ENABLE_OBJC_WEAK = YES;
				CLANG_WARN_BLOCK_CAPTURE_AUTORELEASING = YES;
				CLANG_WARN_BOOL_CONVERSION = YES;
				CLANG_WARN_COMMA = YES;
				CLANG_WARN_CONSTANT_CONVERSION = YES;
				CLANG_WARN_DEPRECATED_OBJC_IMPLEMENTATIONS = YES;
				CLANG_WARN_DIRECT_OBJC_ISA_USAGE = YES_ERROR;
				CLANG_WARN_DOCUMENTATION_COMMENTS = YES;
				CLANG_WARN_EMPTY_BODY = YES;
				CLANG_WARN_ENUM_CONVERSION = YES;
				CLANG_WARN_INFINITE_RECURSION = YES;
				CLANG_WARN_INT_CONVERSION = YES;
				CLANG_WARN_NON_LITERAL_NULL_CONVERSION = YES;
				CLANG_WARN_OBJC_IMPLICIT_RETAIN_SELF = YES;
				CLANG_WARN_OBJC_LITERAL_CONVERSION = YES;
				CLANG_WARN_OBJC_ROOT_CLASS = YES_ERROR;
				CLANG_WARN_QUOTED_INCLUDE_IN_FRAMEWORK_HEADER = YES;
				CLANG_WARN_RANGE_LOOP_ANALYSIS = YES;
				CLANG_WARN_STRICT_PROTOTYPES = YES;
				CLANG_WARN_SUSPICIOUS_MOVE = YES;
				CLANG_WARN_UNGUARDED_AVAILABILITY = YES_AGGRESSIVE;
				CLANG_WARN_UNREACHABLE_CODE = YES;
				CLANG_WARN__DUPLICATE_METHOD_MATCH = YES;
				COPY_PHASE_STRIP = NO;
				DEBUG_INFORMATION_FORMAT = "dwarf-with-dsym";
				DEVELOPMENT_TEAM = Q44XZZNZ34;
				ENABLE_NS_ASSERTIONS = NO;
				ENABLE_STRICT_OBJC_MSGSEND = YES;
				ENABLE_USER_SCRIPT_SANDBOXING = YES;
				GCC_C_LANGUAGE_STANDARD = gnu17;
				GCC_NO_COMMON_BLOCKS = YES;
				GCC_WARN_64_TO_32_BIT_CONVERSION = YES;
				GCC_WARN_ABOUT_RETURN_TYPE = YES_ERROR;
				GCC_WARN_UNDECLARED_SELECTOR = YES;
				GCC_WARN_UNINITIALIZED_AUTOS = YES_AGGRESSIVE;
				GCC_WARN_UNUSED_FUNCTION = YES;
				GCC_WARN_UNUSED_VARIABLE = YES;
				IPHONEOS_DEPLOYMENT_TARGET = 18.5;
				LOCALIZATION_PREFERS_STRING_CATALOGS = YES;
				MTL_ENABLE_DEBUG_INFO = NO;
				MTL_FAST_MATH = YES;
				SDKROOT = iphoneos;
				SWIFT_COMPILATION_MODE = wholemodule;
				VALIDATE_PRODUCT = YES;
			};
			name = Release;
		};
		C3DE26512DFE3101009A2B67 /* Debug */ = {
			isa = XCBuildConfiguration;
			buildSettings = {
				ASSETCATALOG_COMPILER_APPICON_NAME = AppIcon;
				ASSETCATALOG_COMPILER_GLOBAL_ACCENT_COLOR_NAME = AccentColor;
				CODE_SIGN_STYLE = Automatic;
				CURRENT_PROJECT_VERSION = 1;
				DEVELOPMENT_TEAM = Q44XZZNZ34;
				ENABLE_PREVIEWS = YES;
				GENERATE_INFOPLIST_FILE = YES;
				INFOPLIST_KEY_UIApplicationSceneManifest_Generation = YES;
				INFOPLIST_KEY_UIApplicationSupportsIndirectInputEvents = YES;
				INFOPLIST_KEY_UILaunchScreen_Generation = YES;
				INFOPLIST_KEY_UISupportedInterfaceOrientations_iPad = "UIInterfaceOrientationPortrait UIInterfaceOrientationPortraitUpsideDown UIInterfaceOrientationLandscapeLeft UIInterfaceOrientationLandscapeRight";
				INFOPLIST_KEY_UISupportedInterfaceOrientations_iPhone = "UIInterfaceOrientationPortrait UIInterfaceOrientationLandscapeLeft UIInterfaceOrientationLandscapeRight";
				LD_RUNPATH_SEARCH_PATHS = (
					"$(inherited)",
					"@executable_path/Frameworks",
				);
				MARKETING_VERSION = 1.0;
				PRODUCT_BUNDLE_IDENTIFIER = KrystianKozieja.SalesTracker;
				PRODUCT_NAME = "$(TARGET_NAME)";
				SWIFT_EMIT_LOC_STRINGS = YES;
				SWIFT_VERSION = 5.0;
				TARGETED_DEVICE_FAMILY = "1,2";
			};
			name = Debug;
		};
		C3DE26522DFE3101009A2B67 /* Release */ = {
			isa = XCBuildConfiguration;
			buildSettings = {
				ASSETCATALOG_COMPILER_APPICON_NAME = AppIcon;
				ASSETCATALOG_COMPILER_GLOBAL_ACCENT_COLOR_NAME = AccentColor;
				CODE_SIGN_STYLE = Automatic;
				CURRENT_PROJECT_VERSION = 1;
				DEVELOPMENT_TEAM = Q44XZZNZ34;
				ENABLE_PREVIEWS = YES;
				GENERATE_INFOPLIST_FILE = YES;
				INFOPLIST_KEY_UIApplicationSceneManifest_Generation = YES;
				INFOPLIST_KEY_UIApplicationSupportsIndirectInputEvents = YES;
				INFOPLIST_KEY_UILaunchScreen_Generation = YES;
				INFOPLIST_KEY_UISupportedInterfaceOrientations_iPad = "UIInterfaceOrientationPortrait UIInterfaceOrientationPortraitUpsideDown UIInterfaceOrientationLandscapeLeft UIInterfaceOrientationLandscapeRight";
				INFOPLIST_KEY_UISupportedInterfaceOrientations_iPhone = "UIInterfaceOrientationPortrait UIInterfaceOrientationLandscapeLeft UIInterfaceOrientationLandscapeRight";
				LD_RUNPATH_SEARCH_PATHS = (
					"$(inherited)",
					"@executable_path/Frameworks",
				);
				MARKETING_VERSION = 1.0;
				PRODUCT_BUNDLE_IDENTIFIER = KrystianKozieja.SalesTracker;
				PRODUCT_NAME = "$(TARGET_NAME)";
				SWIFT_EMIT_LOC_STRINGS = YES;
				SWIFT_VERSION = 5.0;
				TARGETED_DEVICE_FAMILY = "1,2";
			};
			name = Release;
		};
		C3DE26542DFE3101009A2B67 /* Debug */ = {
			isa = XCBuildConfiguration;
			buildSettings = {
				BUNDLE_LOADER = "$(TEST_HOST)";
				CODE_SIGN_STYLE = Automatic;
				CURRENT_PROJECT_VERSION = 1;
				DEVELOPMENT_TEAM = Q44XZZNZ34;
				GENERATE_INFOPLIST_FILE = YES;
				IPHONEOS_DEPLOYMENT_TARGET = 18.5;
				MARKETING_VERSION = 1.0;
				PRODUCT_BUNDLE_IDENTIFIER = KrystianKozieja.SalesTrackerTests;
				PRODUCT_NAME = "$(TARGET_NAME)";
				SWIFT_EMIT_LOC_STRINGS = NO;
				SWIFT_VERSION = 5.0;
				TARGETED_DEVICE_FAMILY = "1,2";
				TEST_HOST = "$(BUILT_PRODUCTS_DIR)/SalesTracker.app/$(BUNDLE_EXECUTABLE_FOLDER_PATH)/SalesTracker";
			};
			name = Debug;
		};
		C3DE26552DFE3101009A2B67 /* Release */ = {
			isa = XCBuildConfiguration;
			buildSettings = {
				BUNDLE_LOADER = "$(TEST_HOST)";
				CODE_SIGN_STYLE = Automatic;
				CURRENT_PROJECT_VERSION = 1;
				DEVELOPMENT_TEAM = Q44XZZNZ34;
				GENERATE_INFOPLIST_FILE = YES;
				IPHONEOS_DEPLOYMENT_TARGET = 18.5;
				MARKETING_VERSION = 1.0;
				PRODUCT_BUNDLE_IDENTIFIER = KrystianKozieja.SalesTrackerTests;
				PRODUCT_NAME = "$(TARGET_NAME)";
				SWIFT_EMIT_LOC_STRINGS = NO;
				SWIFT_VERSION = 5.0;
				TARGETED_DEVICE_FAMILY = "1,2";
				TEST_HOST = "$(BUILT_PRODUCTS_DIR)/SalesTracker.app/$(BUNDLE_EXECUTABLE_FOLDER_PATH)/SalesTracker";
			};
			name = Release;
		};
		C3DE26572DFE3101009A2B67 /* Debug */ = {
			isa = XCBuildConfiguration;
			buildSettings = {
				CODE_SIGN_STYLE = Automatic;
				CURRENT_PROJECT_VERSION = 1;
				DEVELOPMENT_TEAM = Q44XZZNZ34;
				GENERATE_INFOPLIST_FILE = YES;
				MARKETING_VERSION = 1.0;
				PRODUCT_BUNDLE_IDENTIFIER = KrystianKozieja.SalesTrackerUITests;
				PRODUCT_NAME = "$(TARGET_NAME)";
				SWIFT_EMIT_LOC_STRINGS = NO;
				SWIFT_VERSION = 5.0;
				TARGETED_DEVICE_FAMILY = "1,2";
				TEST_TARGET_NAME = SalesTracker;
			};
			name = Debug;
		};
		C3DE26582DFE3101009A2B67 /* Release */ = {
			isa = XCBuildConfiguration;
			buildSettings = {
				CODE_SIGN_STYLE = Automatic;
				CURRENT_PROJECT_VERSION = 1;
				DEVELOPMENT_TEAM = Q44XZZNZ34;
				GENERATE_INFOPLIST_FILE = YES;
				MARKETING_VERSION = 1.0;
				PRODUCT_BUNDLE_IDENTIFIER = KrystianKozieja.SalesTrackerUITests;
				PRODUCT_NAME = "$(TARGET_NAME)";
				SWIFT_EMIT_LOC_STRINGS = NO;
				SWIFT_VERSION = 5.0;
				TARGETED_DEVICE_FAMILY = "1,2";
				TEST_TARGET_NAME = SalesTracker;
			};
			name = Release;
		};
/* End XCBuildConfiguration section */

/* Begin XCConfigurationList section */
		C3DE262A2DFE3100009A2B67 /* Build configuration list for PBXProject "SalesTracker" */ = {
			isa = XCConfigurationList;
			buildConfigurations = (
				C3DE264E2DFE3101009A2B67 /* Debug */,
				C3DE264F2DFE3101009A2B67 /* Release */,
			);
			defaultConfigurationIsVisible = 0;
			defaultConfigurationName = Release;
		};
		C3DE26502DFE3101009A2B67 /* Build configuration list for PBXNativeTarget "SalesTracker" */ = {
			isa = XCConfigurationList;
			buildConfigurations = (
				C3DE26512DFE3101009A2B67 /* Debug */,
				C3DE26522DFE3101009A2B67 /* Release */,
			);
			defaultConfigurationIsVisible = 0;
			defaultConfigurationName = Release;
		};
		C3DE26532DFE3101009A2B67 /* Build configuration list for PBXNativeTarget "SalesTrackerTests" */ = {
			isa = XCConfigurationList;
			buildConfigurations = (
				C3DE26542DFE3101009A2B67 /* Debug */,
				C3DE26552DFE3101009A2B67 /* Release */,
			);
			defaultConfigurationIsVisible = 0;
			defaultConfigurationName = Release;
		};
		C3DE26562DFE3101009A2B67 /* Build configuration list for PBXNativeTarget "SalesTrackerUITests" */ = {
			isa = XCConfigurationList;
			buildConfigurations = (
				C3DE26572DFE3101009A2B67 /* Debug */,
				C3DE26582DFE3101009A2B67 /* Release */,
			);
			defaultConfigurationIsVisible = 0;
			defaultConfigurationName = Release;
		};
/* End XCConfigurationList section */
	};
	rootObject = C3DE26272DFE3100009A2B67 /* Project object */;
}
